github.com/colinwilson/lotusdocs v0.0.0-20230813115452-675e94c33c38 h1:wP4pSHgr4KV8odZ/ZCn+dqaJIRK+wNgqgVUC1GcnrGo=
github.com/colinwilson/lotusdocs v0.0.0-20230813115452-675e94c33c38/go.mod h1:9zu2REJDi+zdPRcR5/bRYSUR7gkNF4NQLvV38SEoCP8=
github.com/dsrkafuu/hugo-theme-fuji v2.8.2+incompatible h1:rU3UqNSrFegnNXT+IKXIz6F1HCwOZEELkW1Kn16MoJQ=
github.com/dsrkafuu/hugo-theme-fuji v2.8.2+incompatible/go.mod h1:rFv9DkbPD9roOuHodFNCAv4c9oXWAhYGtkLUXVle9Bw=
github.com/gohugoio/hugo-mod-bootstrap-scss/v5 v5.20300.20003 h1:pt/JGVD5YYRsVVijOHPZI6YKTUvbR4e0hgV9B0S6rbI=
github.com/gohugoio/hugo-mod-bootstrap-scss/v5 v5.20300.20003/go.mod h1:mvM05r93HiefwoaxQTaYiJxtJAhTebwQtU1Xh/J+Okk=
github.com/gohugoio/hugo-mod-jslibs-dist/popperjs/v2 v2.21100.20000/go.mod h1:mFberT6ZtcchrsDtfvJM7aAH2bDKLdOnruUHl0hlapI=
github.com/h-enk/doks v0.5.0 h1:/pb2YhKODThnIty7ObwybJ/SNu3nyl8DqDSCbLybwd4=
github.com/h-enk/doks v0.5.0/go.mod h1:rGZyg2gJspvHYEy6mWsl3JTVVkwcSEl6G3y88GRyfk4=
github.com/h-enk/doks-child-theme v0.5.0 h1:OrLbcGv6GfhDMs8O2OK93e0hUMvV1aygJWeAdKMcdiU=
github.com/h-enk/doks-child-theme v0.5.0/go.mod h1:SCLBJIX7W4LH6rbaY9v31i1fwk0DRYoVwDWNMiRpE78=
github.com/heyeshuang/hugo-theme-tokiwa v0.0.0-20230529034323-20bbb65bfaf6 h1:KPvSCndm6nIOf0KHnv1Dsxjl44Zol8052lK70uYwcTc=
github.com/heyeshuang/hugo-theme-tokiwa v0.0.0-20230529034323-20bbb65bfaf6/go.mod h1:C69b28sMVhMQ1DqwYgWl6D2Ux6hkm9dy5fpSbG7U1V8=
github.com/jugglerx/hugo-whisper-theme v0.0.0-20230615041454-647e2d3feac0 h1:/aGVr/iBEuWwl4qeEdyd0UeEN/zAYI4+RDYEAzNko/M=
github.com/jugglerx/hugo-whisper-theme v0.0.0-20230615041454-647e2d3feac0/go.mod h1:oqKFqWvDffYq1uHDkFp3lkcgR++fFmPH6gBL6I1u7XA=
github.com/lukeorth/poison v0.0.0-20230731205408-d035ae2191ee h1:uUX5jLUGWdT9Et7z8BXvXngxDAW4MpAkC9/zyLuyp2A=
github.com/lukeorth/poison v0.0.0-20230731205408-d035ae2191ee/go.mod h1:fYVpevZiA79ef8Q1DkUgg/MF53oy4mKFSFTnK+EeiO0=
github.com/twbs/bootstrap v5.3.0+incompatible/go.mod h1:fZTSrkpSf0/HkL0IIJzvVspTt1r9zuf7XlZau8kpcY0=
github.com/yoshiharuyamashita/blackburn v0.0.0-20220530060627-99cf136a06f3 h1:gSmCG72LVoo5cQg744Y7jhYeam4LZSZi735Yc2zfkGY=
github.com/yoshiharuyamashita/blackburn v0.0.0-20220530060627-99cf136a06f3/go.mod h1:6pbezvonWoLff+OHRlnl5srs2LpACJnkJjpRHYEutDs=
